// !$*UTF8*$!
{
	archiveVersion = 1;
	classes = {
	};
	objectVersion = 51;
	objects = {

/* Begin PBXBuildFile section */
		C2F0B53E261EA6D100B4080E /* AppDelegate.swift in Sources */ = {isa = PBXBuildFile; fileRef = C2F0B53D261EA6D100B4080E /* AppDelegate.swift */; };
		C2F0B545261EA6D100B4080E /* Main.storyboard in Resources */ = {isa = PBXBuildFile; fileRef = C2F0B543261EA6D100B4080E /* Main.storyboard */; };
		C2F0B547261EA6D200B4080E /* Assets.xcassets in Resources */ = {isa = PBXBuildFile; fileRef = C2F0B546261EA6D200B4080E /* Assets.xcassets */; };
		C2F0B54A261EA6D200B4080E /* LaunchScreen.storyboard in Resources */ = {isa = PBXBuildFile; fileRef = C2F0B548261EA6D200B4080E /* LaunchScreen.storyboard */; };
		C2F0B552261EA78000B4080E /* HomeViewController.swift in Sources */ = {isa = PBXBuildFile; fileRef = C2F0B551261EA78000B4080E /* HomeViewController.swift */; };
		C2F0B554261ECABD00B4080E /* pdf in Resources */ = {isa = PBXBuildFile; fileRef = C2F0B553261ECABC00B4080E /* pdf */; };
		D5059A1926A259AC32CFC958 /* Pods_Perpus.framework in Frameworks */ = {isa = PBXBuildFile; fileRef = 00F8B0FF692EDB903D56952B /* Pods_Perpus.framework */; };
/* End PBXBuildFile section */

/* Begin PBXFileReference section */
		00F8B0FF692EDB903D56952B /* Pods_Perpus.framework */ = {isa = PBXFileReference; explicitFileType = wrapper.framework; includeInIndex = 0; path = Pods_Perpus.framework; sourceTree = BUILT_PRODUCTS_DIR; };
		C2F0B53A261EA6D100B4080E /* Perpus.app */ = {isa = PBXFileReference; explicitFileType = wrapper.application; includeInIndex = 0; path = Perpus.app; sourceTree = BUILT_PRODUCTS_DIR; };
		C2F0B53D261EA6D100B4080E /* AppDelegate.swift */ = {isa = PBXFileReference; lastKnownFileType = sourcecode.swift; path = AppDelegate.swift; sourceTree = "<group>"; };
		C2F0B544261EA6D100B4080E /* Base */ = {isa = PBXFileReference; lastKnownFileType = file.storyboard; name = Base; path = Base.lproj/Main.storyboard; sourceTree = "<group>"; };
		C2F0B546261EA6D200B4080E /* Assets.xcassets */ = {isa = PBXFileReference; lastKnownFileType = folder.assetcatalog; path = Assets.xcassets; sourceTree = "<group>"; };
		C2F0B549261EA6D200B4080E /* Base */ = {isa = PBXFileReference; lastKnownFileType = file.storyboard; name = Base; path = Base.lproj/LaunchScreen.storyboard; sourceTree = "<group>"; };
		C2F0B54B261EA6D200B4080E /* Info.plist */ = {isa = PBXFileReference; lastKnownFileType = text.plist.xml; path = Info.plist; sourceTree = "<group>"; };
		C2F0B551261EA78000B4080E /* HomeViewController.swift */ = {isa = PBXFileReference; lastKnownFileType = sourcecode.swift; path = HomeViewController.swift; sourceTree = "<group>"; };
		C2F0B553261ECABC00B4080E /* pdf */ = {isa = PBXFileReference; lastKnownFileType = folder; path = pdf; sourceTree = "<group>"; };
		C51B3E674D98A38B485D9BC2 /* Pods-Perpus.release.xcconfig */ = {isa = PBXFileReference; includeInIndex = 1; lastKnownFileType = text.xcconfig; name = "Pods-Perpus.release.xcconfig"; path = "Target Support Files/Pods-Perpus/Pods-Perpus.release.xcconfig"; sourceTree = "<group>"; };
		F53BC0E2D0120943A6B85BF9 /* Pods-Perpus.debug.xcconfig */ = {isa = PBXFileReference; includeInIndex = 1; lastKnownFileType = text.xcconfig; name = "Pods-Perpus.debug.xcconfig"; path = "Target Support Files/Pods-Perpus/Pods-Perpus.debug.xcconfig"; sourceTree = "<group>"; };
/* End PBXFileReference section */

/* Begin PBXFrameworksBuildPhase section */
		C2F0B537261EA6D100B4080E /* Frameworks */ = {
			isa = PBXFrameworksBuildPhase;
			buildActionMask = 2147483647;
			files = (
				D5059A1926A259AC32CFC958 /* Pods_Perpus.framework in Frameworks */,
			);
			runOnlyForDeploymentPostprocessing = 0;
		};
/* End PBXFrameworksBuildPhase section */

/* Begin PBXGroup section */
		0000DEB7BEDFE33BF2A0C516 /* Pods */ = {
			isa = PBXGroup;
			children = (
				F53BC0E2D0120943A6B85BF9 /* Pods-Perpus.debug.xcconfig */,
				C51B3E674D98A38B485D9BC2 /* Pods-Perpus.release.xcconfig */,
			);
			path = Pods;
			sourceTree = "<group>";
		};
		527DAD667687E94C92E09272 /* Frameworks */ = {
			isa = PBXGroup;
			children = (
				00F8B0FF692EDB903D56952B /* Pods_Perpus.framework */,
			);
			name = Frameworks;
			sourceTree = "<group>";
		};
		C2F0B531261EA6D100B4080E = {
			isa = PBXGroup;
			children = (
				C2F0B53C261EA6D100B4080E /* Perpus */,
				C2F0B53B261EA6D100B4080E /* Products */,
				0000DEB7BEDFE33BF2A0C516 /* Pods */,
				527DAD667687E94C92E09272 /* Frameworks */,
			);
			sourceTree = "<group>";
		};
		C2F0B53B261EA6D100B4080E /* Products */ = {
			isa = PBXGroup;
			children = (
				C2F0B53A261EA6D100B4080E /* Perpus.app */,
			);
			name = Products;
			sourceTree = "<group>";
		};
		C2F0B53C261EA6D100B4080E /* Perpus */ = {
			isa = PBXGroup;
			children = (
				C2F0B53D261EA6D100B4080E /* AppDelegate.swift */,
				C2F0B551261EA78000B4080E /* HomeViewController.swift */,
				C2F0B543261EA6D100B4080E /* Main.storyboard */,
				C2F0B546261EA6D200B4080E /* Assets.xcassets */,
				C2F0B548261EA6D200B4080E /* LaunchScreen.storyboard */,
				C2F0B54B261EA6D200B4080E /* Info.plist */,
				C2F0B553261ECABC00B4080E /* pdf */,
			);
			path = Perpus;
			sourceTree = "<group>";
		};
/* End PBXGroup section */

/* Begin PBXNativeTarget section */
		C2F0B539261EA6D100B4080E /* Perpus */ = {
			isa = PBXNativeTarget;
			buildConfigurationList = C2F0B54E261EA6D200B4080E /* Build configuration list for PBXNativeTarget "Perpus" */;
			buildPhases = (
				C0E807CDA13FD2A2FBF7EDB9 /* [CP] Check Pods Manifest.lock */,
				C2F0B536261EA6D100B4080E /* Sources */,
				C2F0B537261EA6D100B4080E /* Frameworks */,
				C2F0B538261EA6D100B4080E /* Resources */,
				AF5CEFB2135F2CE350D196F1 /* [CP] Embed Pods Frameworks */,
			);
			buildRules = (
			);
			dependencies = (
			);
			name = Perpus;
			productName = Perpus;
			productReference = C2F0B53A261EA6D100B4080E /* Perpus.app */;
			productType = "com.apple.product-type.application";
		};
/* End PBXNativeTarget section */

/* Begin PBXProject section */
		C2F0B532261EA6D100B4080E /* Project object */ = {
			isa = PBXProject;
			attributes = {
				LastSwiftUpdateCheck = 1130;
				LastUpgradeCheck = 1130;
				ORGANIZATIONNAME = "Dody Wicaksono";
				TargetAttributes = {
					C2F0B539261EA6D100B4080E = {
						CreatedOnToolsVersion = 11.3.1;
					};
				};
			};
			buildConfigurationList = C2F0B535261EA6D100B4080E /* Build configuration list for PBXProject "Perpus" */;
			compatibilityVersion = "Xcode 9.3";
			developmentRegion = en;
			hasScannedForEncodings = 0;
			knownRegions = (
				en,
				Base,
			);
			mainGroup = C2F0B531261EA6D100B4080E;
			productRefGroup = C2F0B53B261EA6D100B4080E /* Products */;
			projectDirPath = "";
			projectRoot = "";
			targets = (
				C2F0B539261EA6D100B4080E /* Perpus */,
			);
		};
/* End PBXProject section */

/* Begin PBXResourcesBuildPhase section */
		C2F0B538261EA6D100B4080E /* Resources */ = {
			isa = PBXResourcesBuildPhase;
			buildActionMask = 2147483647;
			files = (
				C2F0B54A261EA6D200B4080E /* LaunchScreen.storyboard in Resources */,
				C2F0B554261ECABD00B4080E /* pdf in Resources */,
				C2F0B547261EA6D200B4080E /* Assets.xcassets in Resources */,
				C2F0B545261EA6D100B4080E /* Main.storyboard in Resources */,
			);
			runOnlyForDeploymentPostprocessing = 0;
		};
/* End PBXResourcesBuildPhase section */

/* Begin PBXShellScriptBuildPhase section */
		AF5CEFB2135F2CE350D196F1 /* [CP] Embed Pods Frameworks */ = {
			isa = PBXShellScriptBuildPhase;
			buildActionMask = 2147483647;
			files = (
			);
			inputFileListPaths = (
				"${PODS_ROOT}/Target Support Files/Pods-Perpus/Pods-Perpus-frameworks-${CONFIGURATION}-input-files.xcfilelist",
			);
			name = "[CP] Embed Pods Frameworks";
			outputFileListPaths = (
				"${PODS_ROOT}/Target Support Files/Pods-Perpus/Pods-Perpus-frameworks-${CONFIGURATION}-output-files.xcfilelist",
			);
			runOnlyForDeploymentPostprocessing = 0;
			shellPath = /bin/sh;
			shellScript = "\"${PODS_ROOT}/Target Support Files/Pods-Perpus/Pods-Perpus-frameworks.sh\"\n";
			showEnvVarsInLog = 0;
		};
		C0E807CDA13FD2A2FBF7EDB9 /* [CP] Check Pods Manifest.lock */ = {
			isa = PBXShellScriptBuildPhase;
			buildActionMask = 2147483647;
			files = (
			);
			inputFileListPaths = (
			);
			inputPaths = (
				"${PODS_PODFILE_DIR_PATH}/Podfile.lock",
				"${PODS_ROOT}/Manifest.lock",
			);
			name = "[CP] Check Pods Manifest.lock";
			outputFileListPaths = (
			);
			outputPaths = (
				"$(DERIVED_FILE_DIR)/Pods-Perpus-checkManifestLockResult.txt",
			);
			runOnlyForDeploymentPostprocessing = 0;
			shellPath = /bin/sh;
			shellScript = "diff \"${PODS_PODFILE_DIR_PATH}/Podfile.lock\" \"${PODS_ROOT}/Manifest.lock\" > /dev/null\nif [ $? != 0 ] ; then\n    # print error to STDERR\n    echo \"error: The sandbox is not in sync with the Podfile.lock. Run 'pod install' or update your CocoaPods installation.\" >&2\n    exit 1\nfi\n# This output is used by Xcode 'outputs' to avoid re-running this script phase.\necho \"SUCCESS\" > \"${SCRIPT_OUTPUT_FILE_0}\"\n";
			showEnvVarsInLog = 0;
		};
/* End PBXShellScriptBuildPhase section */

/* Begin PBXSourcesBuildPhase section */
		C2F0B536261EA6D100B4080E /* Sources */ = {
			isa = PBXSourcesBuildPhase;
			buildActionMask = 2147483647;
			files = (
				C2F0B53E261EA6D100B4080E /* AppDelegate.swift in Sources */,
				C2F0B552261EA78000B4080E /* HomeViewController.swift in Sources */,
			);
			runOnlyForDeploymentPostprocessing = 0;
		};
/* End PBXSourcesBuildPhase section */

/* Begin PBXVariantGroup section */
		C2F0B543261EA6D100B4080E /* Main.storyboard */ = {
			isa = PBXVariantGroup;
			children = (
				C2F0B544261EA6D100B4080E /* Base */,
			);
			name = Main.storyboard;
			sourceTree = "<group>";
		};
		C2F0B548261EA6D200B4080E /* LaunchScreen.storyboard */ = {
			isa = PBXVariantGroup;
			children = (
				C2F0B549261EA6D200B4080E /* Base */,
			);
			name = LaunchScreen.storyboard;
			sourceTree = "<group>";
		};
/* End PBXVariantGroup section */

/* Begin XCBuildConfiguration section */
		C2F0B54C261EA6D200B4080E /* Debug */ = {
			isa = XCBuildConfiguration;
			buildSettings = {
				ALWAYS_SEARCH_USER_PATHS = NO;
				CLANG_ANALYZER_NONNULL = YES;
				CLANG_ANALYZER_NUMBER_OBJECT_CONVERSION = YES_AGGRESSIVE;
				CLANG_CXX_LANGUAGE_STANDARD = "gnu++14";
				CLANG_CXX_LIBRARY = "libc++";
				CLANG_ENABLE_MODULES = YES;
				CLANG_ENABLE_OBJC_ARC = YES;
				CLANG_ENABLE_OBJC_WEAK = YES;
				CLANG_WARN_BLOCK_CAPTURE_AUTORELEASING = YES;
				CLANG_WARN_BOOL_CONVERSION = YES;
				CLANG_WARN_COMMA = YES;
				CLANG_WARN_CONSTANT_CONVERSION = YES;
				CLANG_WARN_DEPRECATED_OBJC_IMPLEMENTATIONS = YES;
				CLANG_WARN_DIRECT_OBJC_ISA_USAGE = YES_ERROR;
				CLANG_WARN_DOCUMENTATION_COMMENTS = YES;
				CLANG_WARN_EMPTY_BODY = YES;
				CLANG_WARN_ENUM_CONVERSION = YES;
				CLANG_WARN_INFINITE_RECURSION = YES;
				CLANG_WARN_INT_CONVERSION = YES;
				CLANG_WARN_NON_LITERAL_NULL_CONVERSION = YES;
				CLANG_WARN_OBJC_IMPLICIT_RETAIN_SELF = YES;
				CLANG_WARN_OBJC_LITERAL_CONVERSION = YES;
				CLANG_WARN_OBJC_ROOT_CLASS = YES_ERROR;
				CLANG_WARN_RANGE_LOOP_ANALYSIS = YES;
				CLANG_WARN_STRICT_PROTOTYPES = YES;
				CLANG_WARN_SUSPICIOUS_MOVE = YES;
				CLANG_WARN_UNGUARDED_AVAILABILITY = YES_AGGRESSIVE;
				CLANG_WARN_UNREACHABLE_CODE = YES;
				CLANG_WARN__DUPLICATE_METHOD_MATCH = YES;
				COPY_PHASE_STRIP = NO;
				DEBUG_INFORMATION_FORMAT = dwarf;
				ENABLE_STRICT_OBJC_MSGSEND = YES;
				ENABLE_TESTABILITY = YES;
				GCC_C_LANGUAGE_STANDARD = gnu11;
				GCC_DYNAMIC_NO_PIC = NO;
				GCC_NO_COMMON_BLOCKS = YES;
				GCC_OPTIMIZATION_LEVEL = 0;
				GCC_PREPROCESSOR_DEFINITIONS = (
					"DEBUG=1",
					"$(inherited)",
				);
				GCC_WARN_64_TO_32_BIT_CONVERSION = YES;
				GCC_WARN_ABOUT_RETURN_TYPE = YES_ERROR;
				GCC_WARN_UNDECLARED_SELECTOR = YES;
				GCC_WARN_UNINITIALIZED_AUTOS = YES_AGGRESSIVE;
				GCC_WARN_UNUSED_FUNCTION = YES;
				GCC_WARN_UNUSED_VARIABLE = YES;
				IPHONEOS_DEPLOYMENT_TARGET = 13.2;
				MTL_ENABLE_DEBUG_INFO = INCLUDE_SOURCE;
				MTL_FAST_MATH = YES;
				ONLY_ACTIVE_ARCH = YES;
				SDKROOT = iphoneos;
				SWIFT_ACTIVE_COMPILATION_CONDITIONS = DEBUG;
				SWIFT_OPTIMIZATION_LEVEL = "-Onone";
			};
			name = Debug;
		};
		C2F0B54D261EA6D200B4080E /* Release */ = {
			isa = XCBuildConfiguration;
			buildSettings = {
				ALWAYS_SEARCH_USER_PATHS = NO;
				CLANG_ANALYZER_NONNULL = YES;
				CLANG_ANALYZER_NUMBER_OBJECT_CONVERSION = YES_AGGRESSIVE;
				CLANG_CXX_LANGUAGE_STANDARD = "gnu++14";
				CLANG_CXX_LIBRARY = "libc++";
				CLANG_ENABLE_MODULES = YES;
				CLANG_ENABLE_OBJC_ARC = YES;
				CLANG_ENABLE_OBJC_WEAK = YES;
				CLANG_WARN_BLOCK_CAPTURE_AUTORELEASING = YES;
				CLANG_WARN_BOOL_CONVERSION = YES;
				CLANG_WARN_COMMA = YES;
				CLANG_WARN_CONSTANT_CONVERSION = YES;
				CLANG_WARN_DEPRECATED_OBJC_IMPLEMENTATIONS = YES;
				CLANG_WARN_DIRECT_OBJC_ISA_USAGE = YES_ERROR;
				CLANG_WARN_DOCUMENTATION_COMMENTS = YES;
				CLANG_WARN_EMPTY_BODY = YES;
				CLANG_WARN_ENUM_CONVERSION = YES;
				CLANG_WARN_INFINITE_RECURSION = YES;
				CLANG_WARN_INT_CONVERSION = YES;
				CLANG_WARN_NON_LITERAL_NULL_CONVERSION = YES;
				CLANG_WARN_OBJC_IMPLICIT_RETAIN_SELF = YES;
				CLANG_WARN_OBJC_LITERAL_CONVERSION = YES;
				CLANG_WARN_OBJC_ROOT_CLASS = YES_ERROR;
				CLANG_WARN_RANGE_LOOP_ANALYSIS = YES;
				CLANG_WARN_STRICT_PROTOTYPES = YES;
				CLANG_WARN_SUSPICIOUS_MOVE = YES;
				CLANG_WARN_UNGUARDED_AVAILABILITY = YES_AGGRESSIVE;
				CLANG_WARN_UNREACHABLE_CODE = YES;
				CLANG_WARN__DUPLICATE_METHOD_MATCH = YES;
				COPY_PHASE_STRIP = NO;
				DEBUG_INFORMATION_FORMAT = "dwarf-with-dsym";
				ENABLE_NS_ASSERTIONS = NO;
				ENABLE_STRICT_OBJC_MSGSEND = YES;
				GCC_C_LANGUAGE_STANDARD = gnu11;
				GCC_NO_COMMON_BLOCKS = YES;
				GCC_WARN_64_TO_32_BIT_CONVERSION = YES;
				GCC_WARN_ABOUT_RETURN_TYPE = YES_ERROR;
				GCC_WARN_UNDECLARED_SELECTOR = YES;
				GCC_WARN_UNINITIALIZED_AUTOS = YES_AGGRESSIVE;
				GCC_WARN_UNUSED_FUNCTION = YES;
				GCC_WARN_UNUSED_VARIABLE = YES;
				IPHONEOS_DEPLOYMENT_TARGET = 13.2;
				MTL_ENABLE_DEBUG_INFO = NO;
				MTL_FAST_MATH = YES;
				SDKROOT = iphoneos;
				SWIFT_COMPILATION_MODE = wholemodule;
				SWIFT_OPTIMIZATION_LEVEL = "-O";
				VALIDATE_PRODUCT = YES;
			};
			name = Release;
		};
		C2F0B54F261EA6D200B4080E /* Debug */ = {
			isa = XCBuildConfiguration;
			baseConfigurationReference = F53BC0E2D0120943A6B85BF9 /* Pods-Perpus.debug.xcconfig */;
			buildSettings = {
				ASSETCATALOG_COMPILER_APPICON_NAME = AppIcon;
				CODE_SIGN_STYLE = Automatic;
				DEVELOPMENT_TEAM = 28N3MPTD68;
				INFOPLIST_FILE = Perpus/Info.plist;
				IPHONEOS_DEPLOYMENT_TARGET = 9.3;
				LD_RUNPATH_SEARCH_PATHS = (
					"$(inherited)",
					"@executable_path/Frameworks",
				);
				PRODUCT_BUNDLE_IDENTIFIER = dody.Perpus;
				PRODUCT_NAME = "$(TARGET_NAME)";
				SWIFT_VERSION = 5.0;
				TARGETED_DEVICE_FAMILY = "1,2";
			};
			name = Debug;
		};
		C2F0B550261EA6D200B4080E /* Release */ = {
			isa = XCBuildConfiguration;
			baseConfigurationReference = C51B3E674D98A38B485D9BC2 /* Pods-Perpus.release.xcconfig */;
			buildSettings = {
				ASSETCATALOG_COMPILER_APPICON_NAME = AppIcon;
				CODE_SIGN_STYLE = Automatic;
				DEVELOPMENT_TEAM = 28N3MPTD68;
				INFOPLIST_FILE = Perpus/Info.plist;
				IPHONEOS_DEPLOYMENT_TARGET = 9.3;
				LD_RUNPATH_SEARCH_PATHS = (
					"$(inherited)",
					"@executable_path/Frameworks",
				);
				PRODUCT_BUNDLE_IDENTIFIER = dody.Perpus;
				PRODUCT_NAME = "$(TARGET_NAME)";
				SWIFT_VERSION = 5.0;
				TARGETED_DEVICE_FAMILY = "1,2";
			};
			name = Release;
		};
/* End XCBuildConfiguration section */

/* Begin XCConfigurationList section */
		C2F0B535261EA6D100B4080E /* Build configuration list for PBXProject "Perpus" */ = {
			isa = XCConfigurationList;
			buildConfigurations = (
				C2F0B54C261EA6D200B4080E /* Debug */,
				C2F0B54D261EA6D200B4080E /* Release */,
			);
			defaultConfigurationIsVisible = 0;
			defaultConfigurationName = Release;
		};
		C2F0B54E261EA6D200B4080E /* Build configuration list for PBXNativeTarget "Perpus" */ = {
			isa = XCConfigurationList;
			buildConfigurations = (
				C2F0B54F261EA6D200B4080E /* Debug */,
				C2F0B550261EA6D200B4080E /* Release */,
			);
			defaultConfigurationIsVisible = 0;
			defaultConfigurationName = Release;
		};
/* End XCConfigurationList section */
	};
	rootObject = C2F0B532261EA6D100B4080E /* Project object */;
}
